// !$*UTF8*$!
{
	archiveVersion = 1;
	classes = {
	};
	objectVersion = 48;
	objects = {

/* Begin PBXBuildFile section */
		CB44922B206F444E007E5728 /* AppDelegate.swift in Sources */ = {isa = PBXBuildFile; fileRef = CB44922A206F444E007E5728 /* AppDelegate.swift */; };
		CB44922D206F444E007E5728 /* ViewController.swift in Sources */ = {isa = PBXBuildFile; fileRef = CB44922C206F444E007E5728 /* ViewController.swift */; };
		CB449230206F444E007E5728 /* Main.storyboard in Resources */ = {isa = PBXBuildFile; fileRef = CB44922E206F444E007E5728 /* Main.storyboard */; };
		CB449232206F444E007E5728 /* Assets.xcassets in Resources */ = {isa = PBXBuildFile; fileRef = CB449231206F444E007E5728 /* Assets.xcassets */; };
		CB449235206F444E007E5728 /* LaunchScreen.storyboard in Resources */ = {isa = PBXBuildFile; fileRef = CB449233206F444E007E5728 /* LaunchScreen.storyboard */; };
		CB449240206F47BA007E5728 /* word_blank.png in Resources */ = {isa = PBXBuildFile; fileRef = CB44923D206F47BA007E5728 /* word_blank.png */; };
		CB449241206F47BA007E5728 /* fin.png in Resources */ = {isa = PBXBuildFile; fileRef = CB44923E206F47BA007E5728 /* fin.png */; };
		CB449242206F47BA007E5728 /* title_logo.png in Resources */ = {isa = PBXBuildFile; fileRef = CB44923F206F47BA007E5728 /* title_logo.png */; };
		CB449244206F5BB6007E5728 /* QuestionViewController.swift in Sources */ = {isa = PBXBuildFile; fileRef = CB449243206F5BB6007E5728 /* QuestionViewController.swift */; };
		CB449246206F5BEA007E5728 /* FinishViewController.swift in Sources */ = {isa = PBXBuildFile; fileRef = CB449245206F5BEA007E5728 /* FinishViewController.swift */; };
		CB449248206F6099007E5728 /* ListTableViewController.swift in Sources */ = {isa = PBXBuildFile; fileRef = CB449247206F6099007E5728 /* ListTableViewController.swift */; };
		CB44924A206F60B9007E5728 /* AddViewController.swift in Sources */ = {isa = PBXBuildFile; fileRef = CB449249206F60B9007E5728 /* AddViewController.swift */; };
		CB449253206FE4CD007E5728 /* ListTableViewCell.swift in Sources */ = {isa = PBXBuildFile; fileRef = CB449251206FE4CD007E5728 /* ListTableViewCell.swift */; };
		CB449254206FE4CD007E5728 /* ListTableViewCell.xib in Resources */ = {isa = PBXBuildFile; fileRef = CB449252206FE4CD007E5728 /* ListTableViewCell.xib */; };
/* End PBXBuildFile section */

/* Begin PBXFileReference section */
		CB449227206F444E007E5728 /* WordList.app */ = {isa = PBXFileReference; explicitFileType = wrapper.application; includeInIndex = 0; path = WordList.app; sourceTree = BUILT_PRODUCTS_DIR; };
		CB44922A206F444E007E5728 /* AppDelegate.swift */ = {isa = PBXFileReference; lastKnownFileType = sourcecode.swift; path = AppDelegate.swift; sourceTree = "<group>"; };
		CB44922C206F444E007E5728 /* ViewController.swift */ = {isa = PBXFileReference; lastKnownFileType = sourcecode.swift; path = ViewController.swift; sourceTree = "<group>"; };
		CB44922F206F444E007E5728 /* Base */ = {isa = PBXFileReference; lastKnownFileType = file.storyboard; name = Base; path = Base.lproj/Main.storyboard; sourceTree = "<group>"; };
		CB449231206F444E007E5728 /* Assets.xcassets */ = {isa = PBXFileReference; lastKnownFileType = folder.assetcatalog; path = Assets.xcassets; sourceTree = "<group>"; };
		CB449234206F444E007E5728 /* Base */ = {isa = PBXFileReference; lastKnownFileType = file.storyboard; name = Base; path = Base.lproj/LaunchScreen.storyboard; sourceTree = "<group>"; };
		CB449236206F444E007E5728 /* Info.plist */ = {isa = PBXFileReference; lastKnownFileType = text.plist.xml; path = Info.plist; sourceTree = "<group>"; };
		CB44923D206F47BA007E5728 /* word_blank.png */ = {isa = PBXFileReference; lastKnownFileType = image.png; path = word_blank.png; sourceTree = "<group>"; };
		CB44923E206F47BA007E5728 /* fin.png */ = {isa = PBXFileReference; lastKnownFileType = image.png; path = fin.png; sourceTree = "<group>"; };
		CB44923F206F47BA007E5728 /* title_logo.png */ = {isa = PBXFileReference; lastKnownFileType = image.png; path = title_logo.png; sourceTree = "<group>"; };
		CB449243206F5BB6007E5728 /* QuestionViewController.swift */ = {isa = PBXFileReference; lastKnownFileType = sourcecode.swift; path = QuestionViewController.swift; sourceTree = "<group>"; };
		CB449245206F5BEA007E5728 /* FinishViewController.swift */ = {isa = PBXFileReference; lastKnownFileType = sourcecode.swift; path = FinishViewController.swift; sourceTree = "<group>"; };
		CB449247206F6099007E5728 /* ListTableViewController.swift */ = {isa = PBXFileReference; lastKnownFileType = sourcecode.swift; path = ListTableViewController.swift; sourceTree = "<group>"; };
		CB449249206F60B9007E5728 /* AddViewController.swift */ = {isa = PBXFileReference; lastKnownFileType = sourcecode.swift; path = AddViewController.swift; sourceTree = "<group>"; };
		CB449251206FE4CD007E5728 /* ListTableViewCell.swift */ = {isa = PBXFileReference; lastKnownFileType = sourcecode.swift; path = ListTableViewCell.swift; sourceTree = "<group>"; };
		CB449252206FE4CD007E5728 /* ListTableViewCell.xib */ = {isa = PBXFileReference; lastKnownFileType = file.xib; path = ListTableViewCell.xib; sourceTree = "<group>"; };
/* End PBXFileReference section */

/* Begin PBXFrameworksBuildPhase section */
		CB449224206F444E007E5728 /* Frameworks */ = {
			isa = PBXFrameworksBuildPhase;
			buildActionMask = 2147483647;
			files = (
			);
			runOnlyForDeploymentPostprocessing = 0;
		};
/* End PBXFrameworksBuildPhase section */

/* Begin PBXGroup section */
		CB44921E206F444E007E5728 = {
			isa = PBXGroup;
			children = (
				CB449229206F444E007E5728 /* WordList */,
				CB449228206F444E007E5728 /* Products */,
			);
			sourceTree = "<group>";
		};
		CB449228206F444E007E5728 /* Products */ = {
			isa = PBXGroup;
			children = (
				CB449227206F444E007E5728 /* WordList.app */,
			);
			name = Products;
			sourceTree = "<group>";
		};
		CB449229206F444E007E5728 /* WordList */ = {
			isa = PBXGroup;
			children = (
				CB44922A206F444E007E5728 /* AppDelegate.swift */,
				CB44922C206F444E007E5728 /* ViewController.swift */,
				CB44922E206F444E007E5728 /* Main.storyboard */,
				CB44923C206F47BA007E5728 /* WordList素材 */,
				CB449231206F444E007E5728 /* Assets.xcassets */,
				CB449233206F444E007E5728 /* LaunchScreen.storyboard */,
				CB449236206F444E007E5728 /* Info.plist */,
				CB449243206F5BB6007E5728 /* QuestionViewController.swift */,
				CB449245206F5BEA007E5728 /* FinishViewController.swift */,
				CB449247206F6099007E5728 /* ListTableViewController.swift */,
				CB449249206F60B9007E5728 /* AddViewController.swift */,
				CB449251206FE4CD007E5728 /* ListTableViewCell.swift */,
				CB449252206FE4CD007E5728 /* ListTableViewCell.xib */,
			);
			path = WordList;
			sourceTree = "<group>";
		};
		CB44923C206F47BA007E5728 /* WordList素材 */ = {
			isa = PBXGroup;
			children = (
				CB44923D206F47BA007E5728 /* word_blank.png */,
				CB44923E206F47BA007E5728 /* fin.png */,
				CB44923F206F47BA007E5728 /* title_logo.png */,
			);
			path = "WordList素材";
			sourceTree = "<group>";
		};
/* End PBXGroup section */

/* Begin PBXNativeTarget section */
		CB449226206F444E007E5728 /* WordList */ = {
			isa = PBXNativeTarget;
			buildConfigurationList = CB449239206F444E007E5728 /* Build configuration list for PBXNativeTarget "WordList" */;
			buildPhases = (
				CB449223206F444E007E5728 /* Sources */,
				CB449224206F444E007E5728 /* Frameworks */,
				CB449225206F444E007E5728 /* Resources */,
			);
			buildRules = (
			);
			dependencies = (
			);
			name = WordList;
			productName = WordList;
			productReference = CB449227206F444E007E5728 /* WordList.app */;
			productType = "com.apple.product-type.application";
		};
/* End PBXNativeTarget section */

/* Begin PBXProject section */
		CB44921F206F444E007E5728 /* Project object */ = {
			isa = PBXProject;
			attributes = {
				LastSwiftUpdateCheck = 0920;
				LastUpgradeCheck = 0930;
				ORGANIZATIONNAME = "LIfe is Tech";
				TargetAttributes = {
					CB449226206F444E007E5728 = {
						CreatedOnToolsVersion = 9.2;
						ProvisioningStyle = Automatic;
					};
				};
			};
			buildConfigurationList = CB449222206F444E007E5728 /* Build configuration list for PBXProject "WordList" */;
			compatibilityVersion = "Xcode 8.0";
			developmentRegion = en;
			hasScannedForEncodings = 0;
			knownRegions = (
				en,
				Base,
			);
			mainGroup = CB44921E206F444E007E5728;
			productRefGroup = CB449228206F444E007E5728 /* Products */;
			projectDirPath = "";
			projectRoot = "";
			targets = (
				CB449226206F444E007E5728 /* WordList */,
			);
		};
/* End PBXProject section */

/* Begin PBXResourcesBuildPhase section */
		CB449225206F444E007E5728 /* Resources */ = {
			isa = PBXResourcesBuildPhase;
			buildActionMask = 2147483647;
			files = (
				CB449240206F47BA007E5728 /* word_blank.png in Resources */,
				CB449242206F47BA007E5728 /* title_logo.png in Resources */,
				CB449235206F444E007E5728 /* LaunchScreen.storyboard in Resources */,
				CB449232206F444E007E5728 /* Assets.xcassets in Resources */,
				CB449241206F47BA007E5728 /* fin.png in Resources */,
				CB449230206F444E007E5728 /* Main.storyboard in Resources */,
				CB449254206FE4CD007E5728 /* ListTableViewCell.xib in Resources */,
			);
			runOnlyForDeploymentPostprocessing = 0;
		};
/* End PBXResourcesBuildPhase section */

/* Begin PBXSourcesBuildPhase section */
		CB449223206F444E007E5728 /* Sources */ = {
			isa = PBXSourcesBuildPhase;
			buildActionMask = 2147483647;
			files = (
				CB449253206FE4CD007E5728 /* ListTableViewCell.swift in Sources */,
				CB44922D206F444E007E5728 /* ViewController.swift in Sources */,
				CB449246206F5BEA007E5728 /* FinishViewController.swift in Sources */,
				CB44924A206F60B9007E5728 /* AddViewController.swift in Sources */,
				CB44922B206F444E007E5728 /* AppDelegate.swift in Sources */,
				CB449248206F6099007E5728 /* ListTableViewController.swift in Sources */,
				CB449244206F5BB6007E5728 /* QuestionViewController.swift in Sources */,
			);
			runOnlyForDeploymentPostprocessing = 0;
		};
/* End PBXSourcesBuildPhase section */

/* Begin PBXVariantGroup section */
		CB44922E206F444E007E5728 /* Main.storyboard */ = {
			isa = PBXVariantGroup;
			children = (
				CB44922F206F444E007E5728 /* Base */,
			);
			name = Main.storyboard;
			sourceTree = "<group>";
		};
		CB449233206F444E007E5728 /* LaunchScreen.storyboard */ = {
			isa = PBXVariantGroup;
			children = (
				CB449234206F444E007E5728 /* Base */,
			);
			name = LaunchScreen.storyboard;
			sourceTree = "<group>";
		};
/* End PBXVariantGroup section */

/* Begin XCBuildConfiguration section */
		CB449237206F444E007E5728 /* Debug */ = {
			isa = XCBuildConfiguration;
			buildSettings = {
				ALWAYS_SEARCH_USER_PATHS = NO;
				CLANG_ANALYZER_NONNULL = YES;
				CLANG_ANALYZER_NUMBER_OBJECT_CONVERSION = YES_AGGRESSIVE;
				CLANG_CXX_LANGUAGE_STANDARD = "gnu++14";
				CLANG_CXX_LIBRARY = "libc++";
				CLANG_ENABLE_MODULES = YES;
				CLANG_ENABLE_OBJC_ARC = YES;
				CLANG_WARN_BLOCK_CAPTURE_AUTORELEASING = YES;
				CLANG_WARN_BOOL_CONVERSION = YES;
				CLANG_WARN_COMMA = YES;
				CLANG_WARN_CONSTANT_CONVERSION = YES;
				CLANG_WARN_DEPRECATED_OBJC_IMPLEMENTATIONS = YES;
				CLANG_WARN_DIRECT_OBJC_ISA_USAGE = YES_ERROR;
				CLANG_WARN_DOCUMENTATION_COMMENTS = YES;
				CLANG_WARN_EMPTY_BODY = YES;
				CLANG_WARN_ENUM_CONVERSION = YES;
				CLANG_WARN_INFINITE_RECURSION = YES;
				CLANG_WARN_INT_CONVERSION = YES;
				CLANG_WARN_NON_LITERAL_NULL_CONVERSION = YES;
				CLANG_WARN_OBJC_IMPLICIT_RETAIN_SELF = YES;
				CLANG_WARN_OBJC_LITERAL_CONVERSION = YES;
				CLANG_WARN_OBJC_ROOT_CLASS = YES_ERROR;
				CLANG_WARN_RANGE_LOOP_ANALYSIS = YES;
				CLANG_WARN_STRICT_PROTOTYPES = YES;
				CLANG_WARN_SUSPICIOUS_MOVE = YES;
				CLANG_WARN_UNGUARDED_AVAILABILITY = YES_AGGRESSIVE;
				CLANG_WARN_UNREACHABLE_CODE = YES;
				CLANG_WARN__DUPLICATE_METHOD_MATCH = YES;
				CODE_SIGN_IDENTITY = "iPhone Developer";
				COPY_PHASE_STRIP = NO;
				DEBUG_INFORMATION_FORMAT = dwarf;
				ENABLE_STRICT_OBJC_MSGSEND = YES;
				ENABLE_TESTABILITY = YES;
				GCC_C_LANGUAGE_STANDARD = gnu11;
				GCC_DYNAMIC_NO_PIC = NO;
				GCC_NO_COMMON_BLOCKS = YES;
				GCC_OPTIMIZATION_LEVEL = 0;
				GCC_PREPROCESSOR_DEFINITIONS = (
					"DEBUG=1",
					"$(inherited)",
				);
				GCC_WARN_64_TO_32_BIT_CONVERSION = YES;
				GCC_WARN_ABOUT_RETURN_TYPE = YES_ERROR;
				GCC_WARN_UNDECLARED_SELECTOR = YES;
				GCC_WARN_UNINITIALIZED_AUTOS = YES_AGGRESSIVE;
				GCC_WARN_UNUSED_FUNCTION = YES;
				GCC_WARN_UNUSED_VARIABLE = YES;
				IPHONEOS_DEPLOYMENT_TARGET = 11.2;
				MTL_ENABLE_DEBUG_INFO = YES;
				ONLY_ACTIVE_ARCH = YES;
				SDKROOT = iphoneos;
				SWIFT_ACTIVE_COMPILATION_CONDITIONS = DEBUG;
				SWIFT_OPTIMIZATION_LEVEL = "-Onone";
			};
			name = Debug;
		};
		CB449238206F444E007E5728 /* Release */ = {
			isa = XCBuildConfiguration;
			buildSettings = {
				ALWAYS_SEARCH_USER_PATHS = NO;
				CLANG_ANALYZER_NONNULL = YES;
				CLANG_ANALYZER_NUMBER_OBJECT_CONVERSION = YES_AGGRESSIVE;
				CLANG_CXX_LANGUAGE_STANDARD = "gnu++14";
				CLANG_CXX_LIBRARY = "libc++";
				CLANG_ENABLE_MODULES = YES;
				CLANG_ENABLE_OBJC_ARC = YES;
				CLANG_WARN_BLOCK_CAPTURE_AUTORELEASING = YES;
				CLANG_WARN_BOOL_CONVERSION = YES;
				CLANG_WARN_COMMA = YES;
				CLANG_WARN_CONSTANT_CONVERSION = YES;
				CLANG_WARN_DEPRECATED_OBJC_IMPLEMENTATIONS = YES;
				CLANG_WARN_DIRECT_OBJC_ISA_USAGE = YES_ERROR;
				CLANG_WARN_DOCUMENTATION_COMMENTS = YES;
				CLANG_WARN_EMPTY_BODY = YES;
				CLANG_WARN_ENUM_CONVERSION = YES;
				CLANG_WARN_INFINITE_RECURSION = YES;
				CLANG_WARN_INT_CONVERSION = YES;
				CLANG_WARN_NON_LITERAL_NULL_CONVERSION = YES;
				CLANG_WARN_OBJC_IMPLICIT_RETAIN_SELF = YES;
				CLANG_WARN_OBJC_LITERAL_CONVERSION = YES;
				CLANG_WARN_OBJC_ROOT_CLASS = YES_ERROR;
				CLANG_WARN_RANGE_LOOP_ANALYSIS = YES;
				CLANG_WARN_STRICT_PROTOTYPES = YES;
				CLANG_WARN_SUSPICIOUS_MOVE = YES;
				CLANG_WARN_UNGUARDED_AVAILABILITY = YES_AGGRESSIVE;
				CLANG_WARN_UNREACHABLE_CODE = YES;
				CLANG_WARN__DUPLICATE_METHOD_MATCH = YES;
				CODE_SIGN_IDENTITY = "iPhone Developer";
				COPY_PHASE_STRIP = NO;
				DEBUG_INFORMATION_FORMAT = "dwarf-with-dsym";
				ENABLE_NS_ASSERTIONS = NO;
				ENABLE_STRICT_OBJC_MSGSEND = YES;
				GCC_C_LANGUAGE_STANDARD = gnu11;
				GCC_NO_COMMON_BLOCKS = YES;
				GCC_WARN_64_TO_32_BIT_CONVERSION = YES;
				GCC_WARN_ABOUT_RETURN_TYPE = YES_ERROR;
				GCC_WARN_UNDECLARED_SELECTOR = YES;
				GCC_WARN_UNINITIALIZED_AUTOS = YES_AGGRESSIVE;
				GCC_WARN_UNUSED_FUNCTION = YES;
				GCC_WARN_UNUSED_VARIABLE = YES;
				IPHONEOS_DEPLOYMENT_TARGET = 11.2;
				MTL_ENABLE_DEBUG_INFO = NO;
				SDKROOT = iphoneos;
				SWIFT_OPTIMIZATION_LEVEL = "-Owholemodule";
				VALIDATE_PRODUCT = YES;
			};
			name = Release;
		};
		CB44923A206F444E007E5728 /* Debug */ = {
			isa = XCBuildConfiguration;
			buildSettings = {
				ASSETCATALOG_COMPILER_APPICON_NAME = AppIcon;
				CODE_SIGN_STYLE = Automatic;
				DEVELOPMENT_TEAM = "";
				INFOPLIST_FILE = WordList/Info.plist;
				LD_RUNPATH_SEARCH_PATHS = "$(inherited) @executable_path/Frameworks";
				PRODUCT_BUNDLE_IDENTIFIER = com.litech.WordList;
				PRODUCT_NAME = "$(TARGET_NAME)";
				SWIFT_VERSION = 4.0;
				TARGETED_DEVICE_FAMILY = "1,2";
			};
			name = Debug;
		};
		CB44923B206F444E007E5728 /* Release */ = {
			isa = XCBuildConfiguration;
			buildSettings = {
				ASSETCATALOG_COMPILER_APPICON_NAME = AppIcon;
				CODE_SIGN_STYLE = Automatic;
				DEVELOPMENT_TEAM = "";
				INFOPLIST_FILE = WordList/Info.plist;
				LD_RUNPATH_SEARCH_PATHS = "$(inherited) @executable_path/Frameworks";
				PRODUCT_BUNDLE_IDENTIFIER = com.litech.WordList;
				PRODUCT_NAME = "$(TARGET_NAME)";
				SWIFT_VERSION = 4.0;
				TARGETED_DEVICE_FAMILY = "1,2";
			};
			name = Release;
		};
/* End XCBuildConfiguration section */

/* Begin XCConfigurationList section */
		CB449222206F444E007E5728 /* Build configuration list for PBXProject "WordList" */ = {
			isa = XCConfigurationList;
			buildConfigurations = (
				CB449237206F444E007E5728 /* Debug */,
				CB449238206F444E007E5728 /* Release */,
			);
			defaultConfigurationIsVisible = 0;
			defaultConfigurationName = Release;
		};
		CB449239206F444E007E5728 /* Build configuration list for PBXNativeTarget "WordList" */ = {
			isa = XCConfigurationList;
			buildConfigurations = (
				CB44923A206F444E007E5728 /* Debug */,
				CB44923B206F444E007E5728 /* Release */,
			);
			defaultConfigurationIsVisible = 0;
			defaultConfigurationName = Release;
		};
/* End XCConfigurationList section */
	};
	rootObject = CB44921F206F444E007E5728 /* Project object */;
}
